
Microsoft Visual Studio Solution File, Format Version 12.00
# Visual Studio Version 17
VisualStudioVersion = 17.8.34309.116
MinimumVisualStudioVersion = 10.0.40219.1
Project("{9A19103F-16F7-4668-BE54-9A1E7A4F7556}") = "RecipesApp.Shared", "RecipesApp.Shared\RecipesApp.Shared.csproj", "{ED6B79C0-8E75-430B-979B-95F9557D909F}"
EndProject
Project("{9A19103F-16F7-4668-BE54-9A1E7A4F7556}") = "RecipeApp.Tests", "RecipeApp.Tests\RecipeApp.Tests.csproj", "{44A0F76D-A12E-4E9A-BB59-8849364A867F}"
EndProject
Project("{9A19103F-16F7-4668-BE54-9A1E7A4F7556}") = "RecipesApp", "RecipesApp\RecipesApp.csproj", "{A13A2BFA-3482-4960-A208-FA638E9386A3}"
EndProject
Project("{9A19103F-16F7-4668-BE54-9A1E7A4F7556}") = "RecipesApp.Client", "RecipesApp.Client\RecipesApp.Client.csproj", "{99FB895A-DF0B-4086-BC95-0B155147CFCD}"
EndProject
Global
	GlobalSection(SolutionConfigurationPlatforms) = preSolution
		Debug|Any CPU = Debug|Any CPU
		Release|Any CPU = Release|Any CPU
	EndGlobalSection
	GlobalSection(ProjectConfigurationPlatforms) = postSolution
		{ED6B79C0-8E75-430B-979B-95F9557D909F}.Debug|Any CPU.ActiveCfg = Debug|Any CPU
		{ED6B79C0-8E75-430B-979B-95F9557D909F}.Debug|Any CPU.Build.0 = Debug|Any CPU
		{ED6B79C0-8E75-430B-979B-95F9557D909F}.Release|Any CPU.ActiveCfg = Release|Any CPU
		{ED6B79C0-8E75-430B-979B-95F9557D909F}.Release|Any CPU.Build.0 = Release|Any CPU
		{44A0F76D-A12E-4E9A-BB59-8849364A867F}.Debug|Any CPU.ActiveCfg = Debug|Any CPU
		{44A0F76D-A12E-4E9A-BB59-8849364A867F}.Debug|Any CPU.Build.0 = Debug|Any CPU
		{44A0F76D-A12E-4E9A-BB59-8849364A867F}.Release|Any CPU.ActiveCfg = Release|Any CPU
		{44A0F76D-A12E-4E9A-BB59-8849364A867F}.Release|Any CPU.Build.0 = Release|Any CPU
		{A13A2BFA-3482-4960-A208-FA638E9386A3}.Debug|Any CPU.ActiveCfg = Debug|Any CPU
		{A13A2BFA-3482-4960-A208-FA638E9386A3}.Debug|Any CPU.Build.0 = Debug|Any CPU
		{A13A2BFA-3482-4960-A208-FA638E9386A3}.Release|Any CPU.ActiveCfg = Release|Any CPU
		{A13A2BFA-3482-4960-A208-FA638E9386A3}.Release|Any CPU.Build.0 = Release|Any CPU
		{99FB895A-DF0B-4086-BC95-0B155147CFCD}.Debug|Any CPU.ActiveCfg = Debug|Any CPU
		{99FB895A-DF0B-4086-BC95-0B155147CFCD}.Debug|Any CPU.Build.0 = Debug|Any CPU
		{99FB895A-DF0B-4086-BC95-0B155147CFCD}.Release|Any CPU.ActiveCfg = Release|Any CPU
		{99FB895A-DF0B-4086-BC95-0B155147CFCD}.Release|Any CPU.Build.0 = Release|Any CPU
	EndGlobalSection
	GlobalSection(SolutionProperties) = preSolution
		HideSolutionNode = FALSE
	EndGlobalSection
	GlobalSection(ExtensibilityGlobals) = postSolution
		SolutionGuid = {C23ED8AB-0DE5-4628-9F3F-C7C159ABDDA1}
	EndGlobalSection
EndGlobal
